// !$*UTF8*$!
{
	archiveVersion = 1;
	classes = {
	};
	objectVersion = 46;
	objects = {

/* Begin PBXBuildFile section */
		15B7EFD4DC3B4D21BA1EAEB8 /* libPods.a in Frameworks */ = {isa = PBXBuildFile; fileRef = 9BD462FC6FEB43D6BB0CA682 /* libPods.a */; };
		8F16469118AF337800BA7521 /* KLViewController.m in Sources */ = {isa = PBXBuildFile; fileRef = 8F16468E18AF337800BA7521 /* KLViewController.m */; };
		8F16469218AF337800BA7521 /* KLCustomViewController.m in Sources */ = {isa = PBXBuildFile; fileRef = 8F16469018AF337800BA7521 /* KLCustomViewController.m */; };
		8F16469418AF339500BA7521 /* NavigationControllerData.plist in Resources */ = {isa = PBXBuildFile; fileRef = 8F16469318AF339500BA7521 /* NavigationControllerData.plist */; };
		8F16469A18AF38CB00BA7521 /* FairListViewController.m in Sources */ = {isa = PBXBuildFile; fileRef = 8F16469918AF38CB00BA7521 /* FairListViewController.m */; };
		8F16469C18AF3A2400BA7521 /* OccuhuntLogo.png in Resources */ = {isa = PBXBuildFile; fileRef = 8F16469B18AF3A2400BA7521 /* OccuhuntLogo.png */; };
		8F1646A718AF45C700BA7521 /* ProximaNova-Black.otf in Resources */ = {isa = PBXBuildFile; fileRef = 8F16469D18AF45C700BA7521 /* ProximaNova-Black.otf */; };
		8F1646A818AF45C700BA7521 /* ProximaNova-Bold.otf in Resources */ = {isa = PBXBuildFile; fileRef = 8F16469E18AF45C700BA7521 /* ProximaNova-Bold.otf */; };
		8F1646A918AF45C700BA7521 /* ProximaNova-BoldIt.otf in Resources */ = {isa = PBXBuildFile; fileRef = 8F16469F18AF45C700BA7521 /* ProximaNova-BoldIt.otf */; };
		8F1646AA18AF45C700BA7521 /* ProximaNova-Extrabold.otf in Resources */ = {isa = PBXBuildFile; fileRef = 8F1646A018AF45C700BA7521 /* ProximaNova-Extrabold.otf */; };
		8F1646AB18AF45C700BA7521 /* ProximaNova-Light.otf in Resources */ = {isa = PBXBuildFile; fileRef = 8F1646A118AF45C700BA7521 /* ProximaNova-Light.otf */; };
		8F1646AC18AF45C700BA7521 /* ProximaNova-LightItalic.otf in Resources */ = {isa = PBXBuildFile; fileRef = 8F1646A218AF45C700BA7521 /* ProximaNova-LightItalic.otf */; };
		8F1646AD18AF45C700BA7521 /* ProximaNova-RegItalic.otf in Resources */ = {isa = PBXBuildFile; fileRef = 8F1646A318AF45C700BA7521 /* ProximaNova-RegItalic.otf */; };
		8F1646AE18AF45C700BA7521 /* ProximaNova-Regular.otf in Resources */ = {isa = PBXBuildFile; fileRef = 8F1646A418AF45C700BA7521 /* ProximaNova-Regular.otf */; };
		8F1646AF18AF45C700BA7521 /* ProximaNova-Semibold.otf in Resources */ = {isa = PBXBuildFile; fileRef = 8F1646A518AF45C700BA7521 /* ProximaNova-Semibold.otf */; };
		8F1646B018AF45C700BA7521 /* ProximaNova-SemiboldItalic.otf in Resources */ = {isa = PBXBuildFile; fileRef = 8F1646A618AF45C700BA7521 /* ProximaNova-SemiboldItalic.otf */; };
		8F1646B418AF471B00BA7521 /* ServerIO.m in Sources */ = {isa = PBXBuildFile; fileRef = 8F1646B318AF471B00BA7521 /* ServerIO.m */; };
		8F1646B718AF499C00BA7521 /* SharpLabel.m in Sources */ = {isa = PBXBuildFile; fileRef = 8F1646B618AF499C00BA7521 /* SharpLabel.m */; };
		8F1646BA18AF535600BA7521 /* PersonViewController.m in Sources */ = {isa = PBXBuildFile; fileRef = 8F1646B918AF535600BA7521 /* PersonViewController.m */; };
		8F9C56EB18ACAF4300ECFC19 /* Foundation.framework in Frameworks */ = {isa = PBXBuildFile; fileRef = 8F9C56EA18ACAF4300ECFC19 /* Foundation.framework */; };
		8F9C56ED18ACAF4300ECFC19 /* CoreGraphics.framework in Frameworks */ = {isa = PBXBuildFile; fileRef = 8F9C56EC18ACAF4300ECFC19 /* CoreGraphics.framework */; };
		8F9C56EF18ACAF4300ECFC19 /* UIKit.framework in Frameworks */ = {isa = PBXBuildFile; fileRef = 8F9C56EE18ACAF4300ECFC19 /* UIKit.framework */; };
		8F9C56F518ACAF4300ECFC19 /* InfoPlist.strings in Resources */ = {isa = PBXBuildFile; fileRef = 8F9C56F318ACAF4300ECFC19 /* InfoPlist.strings */; };
		8F9C56F718ACAF4300ECFC19 /* main.m in Sources */ = {isa = PBXBuildFile; fileRef = 8F9C56F618ACAF4300ECFC19 /* main.m */; };
		8F9C56FB18ACAF4300ECFC19 /* AppDelegate.m in Sources */ = {isa = PBXBuildFile; fileRef = 8F9C56FA18ACAF4300ECFC19 /* AppDelegate.m */; };
		8F9C56FE18ACAF4300ECFC19 /* Main_iPhone.storyboard in Resources */ = {isa = PBXBuildFile; fileRef = 8F9C56FC18ACAF4300ECFC19 /* Main_iPhone.storyboard */; };
		8F9C570118ACAF4300ECFC19 /* Main_iPad.storyboard in Resources */ = {isa = PBXBuildFile; fileRef = 8F9C56FF18ACAF4300ECFC19 /* Main_iPad.storyboard */; };
		8F9C570918ACAF4300ECFC19 /* Images.xcassets in Resources */ = {isa = PBXBuildFile; fileRef = 8F9C570818ACAF4300ECFC19 /* Images.xcassets */; };
		8F9C571018ACAF4300ECFC19 /* XCTest.framework in Frameworks */ = {isa = PBXBuildFile; fileRef = 8F9C570F18ACAF4300ECFC19 /* XCTest.framework */; };
		8F9C571118ACAF4300ECFC19 /* Foundation.framework in Frameworks */ = {isa = PBXBuildFile; fileRef = 8F9C56EA18ACAF4300ECFC19 /* Foundation.framework */; };
		8F9C571218ACAF4300ECFC19 /* UIKit.framework in Frameworks */ = {isa = PBXBuildFile; fileRef = 8F9C56EE18ACAF4300ECFC19 /* UIKit.framework */; };
		8F9C571A18ACAF4300ECFC19 /* InfoPlist.strings in Resources */ = {isa = PBXBuildFile; fileRef = 8F9C571818ACAF4300ECFC19 /* InfoPlist.strings */; };
		8F9C571C18ACAF4300ECFC19 /* Occuhunt_RecruiterTests.m in Sources */ = {isa = PBXBuildFile; fileRef = 8F9C571B18ACAF4300ECFC19 /* Occuhunt_RecruiterTests.m */; };
		8FA320F218B18DD400BF6CD4 /* NotesViewController.m in Sources */ = {isa = PBXBuildFile; fileRef = 8FA320F118B18DD400BF6CD4 /* NotesViewController.m */; };
/* End PBXBuildFile section */

/* Begin PBXContainerItemProxy section */
		8F9C571318ACAF4300ECFC19 /* PBXContainerItemProxy */ = {
			isa = PBXContainerItemProxy;
			containerPortal = 8F9C56DF18ACAF4300ECFC19 /* Project object */;
			proxyType = 1;
			remoteGlobalIDString = 8F9C56E618ACAF4300ECFC19;
			remoteInfo = "Occuhunt Recruiter";
		};
/* End PBXContainerItemProxy section */

/* Begin PBXFileReference section */
		64978D7307DD4B71A52DFBCC /* Pods.xcconfig */ = {isa = PBXFileReference; includeInIndex = 1; lastKnownFileType = text.xcconfig; name = Pods.xcconfig; path = Pods/Pods.xcconfig; sourceTree = "<group>"; };
		8F16468D18AF337800BA7521 /* KLViewController.h */ = {isa = PBXFileReference; fileEncoding = 4; lastKnownFileType = sourcecode.c.h; path = KLViewController.h; sourceTree = "<group>"; };
		8F16468E18AF337800BA7521 /* KLViewController.m */ = {isa = PBXFileReference; fileEncoding = 4; lastKnownFileType = sourcecode.c.objc; path = KLViewController.m; sourceTree = "<group>"; };
		8F16468F18AF337800BA7521 /* KLCustomViewController.h */ = {isa = PBXFileReference; fileEncoding = 4; lastKnownFileType = sourcecode.c.h; path = KLCustomViewController.h; sourceTree = "<group>"; };
		8F16469018AF337800BA7521 /* KLCustomViewController.m */ = {isa = PBXFileReference; fileEncoding = 4; lastKnownFileType = sourcecode.c.objc; path = KLCustomViewController.m; sourceTree = "<group>"; };
		8F16469318AF339500BA7521 /* NavigationControllerData.plist */ = {isa = PBXFileReference; fileEncoding = 4; lastKnownFileType = text.plist.xml; path = NavigationControllerData.plist; sourceTree = "<group>"; };
		8F16469818AF38CB00BA7521 /* FairListViewController.h */ = {isa = PBXFileReference; fileEncoding = 4; lastKnownFileType = sourcecode.c.h; path = FairListViewController.h; sourceTree = "<group>"; };
		8F16469918AF38CB00BA7521 /* FairListViewController.m */ = {isa = PBXFileReference; fileEncoding = 4; lastKnownFileType = sourcecode.c.objc; path = FairListViewController.m; sourceTree = "<group>"; };
		8F16469B18AF3A2400BA7521 /* OccuhuntLogo.png */ = {isa = PBXFileReference; lastKnownFileType = image.png; path = OccuhuntLogo.png; sourceTree = "<group>"; };
		8F16469D18AF45C700BA7521 /* ProximaNova-Black.otf */ = {isa = PBXFileReference; lastKnownFileType = file; path = "ProximaNova-Black.otf"; sourceTree = "<group>"; };
		8F16469E18AF45C700BA7521 /* ProximaNova-Bold.otf */ = {isa = PBXFileReference; lastKnownFileType = file; path = "ProximaNova-Bold.otf"; sourceTree = "<group>"; };
		8F16469F18AF45C700BA7521 /* ProximaNova-BoldIt.otf */ = {isa = PBXFileReference; lastKnownFileType = file; path = "ProximaNova-BoldIt.otf"; sourceTree = "<group>"; };
		8F1646A018AF45C700BA7521 /* ProximaNova-Extrabold.otf */ = {isa = PBXFileReference; lastKnownFileType = file; path = "ProximaNova-Extrabold.otf"; sourceTree = "<group>"; };
		8F1646A118AF45C700BA7521 /* ProximaNova-Light.otf */ = {isa = PBXFileReference; lastKnownFileType = file; path = "ProximaNova-Light.otf"; sourceTree = "<group>"; };
		8F1646A218AF45C700BA7521 /* ProximaNova-LightItalic.otf */ = {isa = PBXFileReference; lastKnownFileType = file; path = "ProximaNova-LightItalic.otf"; sourceTree = "<group>"; };
		8F1646A318AF45C700BA7521 /* ProximaNova-RegItalic.otf */ = {isa = PBXFileReference; lastKnownFileType = file; path = "ProximaNova-RegItalic.otf"; sourceTree = "<group>"; };
		8F1646A418AF45C700BA7521 /* ProximaNova-Regular.otf */ = {isa = PBXFileReference; lastKnownFileType = file; path = "ProximaNova-Regular.otf"; sourceTree = "<group>"; };
		8F1646A518AF45C700BA7521 /* ProximaNova-Semibold.otf */ = {isa = PBXFileReference; lastKnownFileType = file; path = "ProximaNova-Semibold.otf"; sourceTree = "<group>"; };
		8F1646A618AF45C700BA7521 /* ProximaNova-SemiboldItalic.otf */ = {isa = PBXFileReference; lastKnownFileType = file; path = "ProximaNova-SemiboldItalic.otf"; sourceTree = "<group>"; };
		8F1646B218AF471B00BA7521 /* ServerIO.h */ = {isa = PBXFileReference; fileEncoding = 4; lastKnownFileType = sourcecode.c.h; path = ServerIO.h; sourceTree = "<group>"; };
		8F1646B318AF471B00BA7521 /* ServerIO.m */ = {isa = PBXFileReference; fileEncoding = 4; lastKnownFileType = sourcecode.c.objc; path = ServerIO.m; sourceTree = "<group>"; };
		8F1646B518AF499C00BA7521 /* SharpLabel.h */ = {isa = PBXFileReference; fileEncoding = 4; lastKnownFileType = sourcecode.c.h; path = SharpLabel.h; sourceTree = "<group>"; };
		8F1646B618AF499C00BA7521 /* SharpLabel.m */ = {isa = PBXFileReference; fileEncoding = 4; lastKnownFileType = sourcecode.c.objc; path = SharpLabel.m; sourceTree = "<group>"; };
		8F1646B818AF535600BA7521 /* PersonViewController.h */ = {isa = PBXFileReference; fileEncoding = 4; lastKnownFileType = sourcecode.c.h; path = PersonViewController.h; sourceTree = "<group>"; };
		8F1646B918AF535600BA7521 /* PersonViewController.m */ = {isa = PBXFileReference; fileEncoding = 4; lastKnownFileType = sourcecode.c.objc; path = PersonViewController.m; sourceTree = "<group>"; };
		8F9C56E718ACAF4300ECFC19 /* Occuhunt Recruiter.app */ = {isa = PBXFileReference; explicitFileType = wrapper.application; includeInIndex = 0; path = "Occuhunt Recruiter.app"; sourceTree = BUILT_PRODUCTS_DIR; };
		8F9C56EA18ACAF4300ECFC19 /* Foundation.framework */ = {isa = PBXFileReference; lastKnownFileType = wrapper.framework; name = Foundation.framework; path = System/Library/Frameworks/Foundation.framework; sourceTree = SDKROOT; };
		8F9C56EC18ACAF4300ECFC19 /* CoreGraphics.framework */ = {isa = PBXFileReference; lastKnownFileType = wrapper.framework; name = CoreGraphics.framework; path = System/Library/Frameworks/CoreGraphics.framework; sourceTree = SDKROOT; };
		8F9C56EE18ACAF4300ECFC19 /* UIKit.framework */ = {isa = PBXFileReference; lastKnownFileType = wrapper.framework; name = UIKit.framework; path = System/Library/Frameworks/UIKit.framework; sourceTree = SDKROOT; };
		8F9C56F218ACAF4300ECFC19 /* Occuhunt Recruiter-Info.plist */ = {isa = PBXFileReference; lastKnownFileType = text.plist.xml; path = "Occuhunt Recruiter-Info.plist"; sourceTree = "<group>"; };
		8F9C56F418ACAF4300ECFC19 /* en */ = {isa = PBXFileReference; lastKnownFileType = text.plist.strings; name = en; path = en.lproj/InfoPlist.strings; sourceTree = "<group>"; };
		8F9C56F618ACAF4300ECFC19 /* main.m */ = {isa = PBXFileReference; lastKnownFileType = sourcecode.c.objc; path = main.m; sourceTree = "<group>"; };
		8F9C56F818ACAF4300ECFC19 /* Occuhunt Recruiter-Prefix.pch */ = {isa = PBXFileReference; lastKnownFileType = sourcecode.c.h; path = "Occuhunt Recruiter-Prefix.pch"; sourceTree = "<group>"; };
		8F9C56F918ACAF4300ECFC19 /* AppDelegate.h */ = {isa = PBXFileReference; lastKnownFileType = sourcecode.c.h; path = AppDelegate.h; sourceTree = "<group>"; };
		8F9C56FA18ACAF4300ECFC19 /* AppDelegate.m */ = {isa = PBXFileReference; lastKnownFileType = sourcecode.c.objc; path = AppDelegate.m; sourceTree = "<group>"; };
		8F9C56FD18ACAF4300ECFC19 /* Base */ = {isa = PBXFileReference; lastKnownFileType = file.storyboard; name = Base; path = Base.lproj/Main_iPhone.storyboard; sourceTree = "<group>"; };
		8F9C570018ACAF4300ECFC19 /* Base */ = {isa = PBXFileReference; lastKnownFileType = file.storyboard; name = Base; path = Base.lproj/Main_iPad.storyboard; sourceTree = "<group>"; };
		8F9C570818ACAF4300ECFC19 /* Images.xcassets */ = {isa = PBXFileReference; lastKnownFileType = folder.assetcatalog; path = Images.xcassets; sourceTree = "<group>"; };
		8F9C570E18ACAF4300ECFC19 /* Occuhunt RecruiterTests.xctest */ = {isa = PBXFileReference; explicitFileType = wrapper.cfbundle; includeInIndex = 0; path = "Occuhunt RecruiterTests.xctest"; sourceTree = BUILT_PRODUCTS_DIR; };
		8F9C570F18ACAF4300ECFC19 /* XCTest.framework */ = {isa = PBXFileReference; lastKnownFileType = wrapper.framework; name = XCTest.framework; path = Library/Frameworks/XCTest.framework; sourceTree = DEVELOPER_DIR; };
		8F9C571718ACAF4300ECFC19 /* Occuhunt RecruiterTests-Info.plist */ = {isa = PBXFileReference; lastKnownFileType = text.plist.xml; path = "Occuhunt RecruiterTests-Info.plist"; sourceTree = "<group>"; };
		8F9C571918ACAF4300ECFC19 /* en */ = {isa = PBXFileReference; lastKnownFileType = text.plist.strings; name = en; path = en.lproj/InfoPlist.strings; sourceTree = "<group>"; };
		8F9C571B18ACAF4300ECFC19 /* Occuhunt_RecruiterTests.m */ = {isa = PBXFileReference; lastKnownFileType = sourcecode.c.objc; path = Occuhunt_RecruiterTests.m; sourceTree = "<group>"; };
		8FA320F018B18DD400BF6CD4 /* NotesViewController.h */ = {isa = PBXFileReference; fileEncoding = 4; lastKnownFileType = sourcecode.c.h; path = NotesViewController.h; sourceTree = "<group>"; };
		8FA320F118B18DD400BF6CD4 /* NotesViewController.m */ = {isa = PBXFileReference; fileEncoding = 4; lastKnownFileType = sourcecode.c.objc; path = NotesViewController.m; sourceTree = "<group>"; };
		9BD462FC6FEB43D6BB0CA682 /* libPods.a */ = {isa = PBXFileReference; explicitFileType = archive.ar; includeInIndex = 0; path = libPods.a; sourceTree = BUILT_PRODUCTS_DIR; };
/* End PBXFileReference section */

/* Begin PBXFrameworksBuildPhase section */
		8F9C56E418ACAF4300ECFC19 /* Frameworks */ = {
			isa = PBXFrameworksBuildPhase;
			buildActionMask = 2147483647;
			files = (
				8F9C56ED18ACAF4300ECFC19 /* CoreGraphics.framework in Frameworks */,
				8F9C56EF18ACAF4300ECFC19 /* UIKit.framework in Frameworks */,
				8F9C56EB18ACAF4300ECFC19 /* Foundation.framework in Frameworks */,
				15B7EFD4DC3B4D21BA1EAEB8 /* libPods.a in Frameworks */,
			);
			runOnlyForDeploymentPostprocessing = 0;
		};
		8F9C570B18ACAF4300ECFC19 /* Frameworks */ = {
			isa = PBXFrameworksBuildPhase;
			buildActionMask = 2147483647;
			files = (
				8F9C571018ACAF4300ECFC19 /* XCTest.framework in Frameworks */,
				8F9C571218ACAF4300ECFC19 /* UIKit.framework in Frameworks */,
				8F9C571118ACAF4300ECFC19 /* Foundation.framework in Frameworks */,
			);
			runOnlyForDeploymentPostprocessing = 0;
		};
/* End PBXFrameworksBuildPhase section */

/* Begin PBXGroup section */
		8F1646B118AF45CB00BA7521 /* Proxima Nova */ = {
			isa = PBXGroup;
			children = (
				8F16469D18AF45C700BA7521 /* ProximaNova-Black.otf */,
				8F16469E18AF45C700BA7521 /* ProximaNova-Bold.otf */,
				8F16469F18AF45C700BA7521 /* ProximaNova-BoldIt.otf */,
				8F1646A018AF45C700BA7521 /* ProximaNova-Extrabold.otf */,
				8F1646A118AF45C700BA7521 /* ProximaNova-Light.otf */,
				8F1646A218AF45C700BA7521 /* ProximaNova-LightItalic.otf */,
				8F1646A318AF45C700BA7521 /* ProximaNova-RegItalic.otf */,
				8F1646A418AF45C700BA7521 /* ProximaNova-Regular.otf */,
				8F1646A518AF45C700BA7521 /* ProximaNova-Semibold.otf */,
				8F1646A618AF45C700BA7521 /* ProximaNova-SemiboldItalic.otf */,
			);
			name = "Proxima Nova";
			sourceTree = "<group>";
		};
		8F9C56DE18ACAF4300ECFC19 = {
			isa = PBXGroup;
			children = (
				8F9C56F018ACAF4300ECFC19 /* Occuhunt Recruiter */,
				8F9C571518ACAF4300ECFC19 /* Occuhunt RecruiterTests */,
				8F9C56E918ACAF4300ECFC19 /* Frameworks */,
				8F9C56E818ACAF4300ECFC19 /* Products */,
				64978D7307DD4B71A52DFBCC /* Pods.xcconfig */,
			);
			sourceTree = "<group>";
		};
		8F9C56E818ACAF4300ECFC19 /* Products */ = {
			isa = PBXGroup;
			children = (
				8F9C56E718ACAF4300ECFC19 /* Occuhunt Recruiter.app */,
				8F9C570E18ACAF4300ECFC19 /* Occuhunt RecruiterTests.xctest */,
			);
			name = Products;
			sourceTree = "<group>";
		};
		8F9C56E918ACAF4300ECFC19 /* Frameworks */ = {
			isa = PBXGroup;
			children = (
				8F9C56EA18ACAF4300ECFC19 /* Foundation.framework */,
				8F9C56EC18ACAF4300ECFC19 /* CoreGraphics.framework */,
				8F9C56EE18ACAF4300ECFC19 /* UIKit.framework */,
				8F9C570F18ACAF4300ECFC19 /* XCTest.framework */,
				9BD462FC6FEB43D6BB0CA682 /* libPods.a */,
			);
			name = Frameworks;
			sourceTree = "<group>";
		};
		8F9C56F018ACAF4300ECFC19 /* Occuhunt Recruiter */ = {
			isa = PBXGroup;
			children = (
				8F9C56F918ACAF4300ECFC19 /* AppDelegate.h */,
				8F9C56FA18ACAF4300ECFC19 /* AppDelegate.m */,
				8F1646B218AF471B00BA7521 /* ServerIO.h */,
				8F1646B318AF471B00BA7521 /* ServerIO.m */,
				8F9C56FC18ACAF4300ECFC19 /* Main_iPhone.storyboard */,
				8F9C56FF18ACAF4300ECFC19 /* Main_iPad.storyboard */,
				8F16468D18AF337800BA7521 /* KLViewController.h */,
				8F16468E18AF337800BA7521 /* KLViewController.m */,
				8F16469818AF38CB00BA7521 /* FairListViewController.h */,
				8F16469918AF38CB00BA7521 /* FairListViewController.m */,
				8F1646B818AF535600BA7521 /* PersonViewController.h */,
				8F1646B918AF535600BA7521 /* PersonViewController.m */,
				8FA320F018B18DD400BF6CD4 /* NotesViewController.h */,
				8FA320F118B18DD400BF6CD4 /* NotesViewController.m */,
				8F16468F18AF337800BA7521 /* KLCustomViewController.h */,
				8F16469018AF337800BA7521 /* KLCustomViewController.m */,
				8F16469318AF339500BA7521 /* NavigationControllerData.plist */,
				8F16469B18AF3A2400BA7521 /* OccuhuntLogo.png */,
				8F1646B518AF499C00BA7521 /* SharpLabel.h */,
				8F1646B618AF499C00BA7521 /* SharpLabel.m */,
				8F9C570818ACAF4300ECFC19 /* Images.xcassets */,
				8F9C56F118ACAF4300ECFC19 /* Supporting Files */,
			);
			path = "Occuhunt Recruiter";
			sourceTree = "<group>";
		};
		8F9C56F118ACAF4300ECFC19 /* Supporting Files */ = {
			isa = PBXGroup;
			children = (
				8F1646B118AF45CB00BA7521 /* Proxima Nova */,
				8F9C56F218ACAF4300ECFC19 /* Occuhunt Recruiter-Info.plist */,
				8F9C56F318ACAF4300ECFC19 /* InfoPlist.strings */,
				8F9C56F618ACAF4300ECFC19 /* main.m */,
				8F9C56F818ACAF4300ECFC19 /* Occuhunt Recruiter-Prefix.pch */,
			);
			name = "Supporting Files";
			sourceTree = "<group>";
		};
		8F9C571518ACAF4300ECFC19 /* Occuhunt RecruiterTests */ = {
			isa = PBXGroup;
			children = (
				8F9C571B18ACAF4300ECFC19 /* Occuhunt_RecruiterTests.m */,
				8F9C571618ACAF4300ECFC19 /* Supporting Files */,
			);
			path = "Occuhunt RecruiterTests";
			sourceTree = "<group>";
		};
		8F9C571618ACAF4300ECFC19 /* Supporting Files */ = {
			isa = PBXGroup;
			children = (
				8F9C571718ACAF4300ECFC19 /* Occuhunt RecruiterTests-Info.plist */,
				8F9C571818ACAF4300ECFC19 /* InfoPlist.strings */,
			);
			name = "Supporting Files";
			sourceTree = "<group>";
		};
/* End PBXGroup section */

/* Begin PBXNativeTarget section */
		8F9C56E618ACAF4300ECFC19 /* Occuhunt Recruiter */ = {
			isa = PBXNativeTarget;
			buildConfigurationList = 8F9C571F18ACAF4300ECFC19 /* Build configuration list for PBXNativeTarget "Occuhunt Recruiter" */;
			buildPhases = (
				1762D9A1DBFA4EC989FDCE68 /* Check Pods Manifest.lock */,
				8F9C56E318ACAF4300ECFC19 /* Sources */,
				8F9C56E418ACAF4300ECFC19 /* Frameworks */,
				8F9C56E518ACAF4300ECFC19 /* Resources */,
				77E0348FFE584BBDAABD2004 /* Copy Pods Resources */,
			);
			buildRules = (
			);
			dependencies = (
			);
			name = "Occuhunt Recruiter";
			productName = "Occuhunt Recruiter";
			productReference = 8F9C56E718ACAF4300ECFC19 /* Occuhunt Recruiter.app */;
			productType = "com.apple.product-type.application";
		};
		8F9C570D18ACAF4300ECFC19 /* Occuhunt RecruiterTests */ = {
			isa = PBXNativeTarget;
			buildConfigurationList = 8F9C572218ACAF4300ECFC19 /* Build configuration list for PBXNativeTarget "Occuhunt RecruiterTests" */;
			buildPhases = (
				8F9C570A18ACAF4300ECFC19 /* Sources */,
				8F9C570B18ACAF4300ECFC19 /* Frameworks */,
				8F9C570C18ACAF4300ECFC19 /* Resources */,
			);
			buildRules = (
			);
			dependencies = (
				8F9C571418ACAF4300ECFC19 /* PBXTargetDependency */,
			);
			name = "Occuhunt RecruiterTests";
			productName = "Occuhunt RecruiterTests";
			productReference = 8F9C570E18ACAF4300ECFC19 /* Occuhunt RecruiterTests.xctest */;
			productType = "com.apple.product-type.bundle.unit-test";
		};
/* End PBXNativeTarget section */

/* Begin PBXProject section */
		8F9C56DF18ACAF4300ECFC19 /* Project object */ = {
			isa = PBXProject;
			attributes = {
				LastUpgradeCheck = 0500;
				ORGANIZATIONNAME = Occuhunt;
				TargetAttributes = {
					8F9C570D18ACAF4300ECFC19 = {
						TestTargetID = 8F9C56E618ACAF4300ECFC19;
					};
				};
			};
			buildConfigurationList = 8F9C56E218ACAF4300ECFC19 /* Build configuration list for PBXProject "Occuhunt Recruiter" */;
			compatibilityVersion = "Xcode 3.2";
			developmentRegion = English;
			hasScannedForEncodings = 0;
			knownRegions = (
				en,
				Base,
			);
			mainGroup = 8F9C56DE18ACAF4300ECFC19;
			productRefGroup = 8F9C56E818ACAF4300ECFC19 /* Products */;
			projectDirPath = "";
			projectRoot = "";
			targets = (
				8F9C56E618ACAF4300ECFC19 /* Occuhunt Recruiter */,
				8F9C570D18ACAF4300ECFC19 /* Occuhunt RecruiterTests */,
			);
		};
/* End PBXProject section */

/* Begin PBXResourcesBuildPhase section */
		8F9C56E518ACAF4300ECFC19 /* Resources */ = {
			isa = PBXResourcesBuildPhase;
			buildActionMask = 2147483647;
			files = (
				8F9C570118ACAF4300ECFC19 /* Main_iPad.storyboard in Resources */,
				8F1646AE18AF45C700BA7521 /* ProximaNova-Regular.otf in Resources */,
				8F16469418AF339500BA7521 /* NavigationControllerData.plist in Resources */,
				8F1646A918AF45C700BA7521 /* ProximaNova-BoldIt.otf in Resources */,
				8F16469C18AF3A2400BA7521 /* OccuhuntLogo.png in Resources */,
				8F9C570918ACAF4300ECFC19 /* Images.xcassets in Resources */,
				8F1646AC18AF45C700BA7521 /* ProximaNova-LightItalic.otf in Resources */,
				8F1646AF18AF45C700BA7521 /* ProximaNova-Semibold.otf in Resources */,
				8F9C56FE18ACAF4300ECFC19 /* Main_iPhone.storyboard in Resources */,
				8F1646AB18AF45C700BA7521 /* ProximaNova-Light.otf in Resources */,
				8F1646AD18AF45C700BA7521 /* ProximaNova-RegItalic.otf in Resources */,
				8F1646B018AF45C700BA7521 /* ProximaNova-SemiboldItalic.otf in Resources */,
				8F1646AA18AF45C700BA7521 /* ProximaNova-Extrabold.otf in Resources */,
				8F1646A818AF45C700BA7521 /* ProximaNova-Bold.otf in Resources */,
				8F1646A718AF45C700BA7521 /* ProximaNova-Black.otf in Resources */,
				8F9C56F518ACAF4300ECFC19 /* InfoPlist.strings in Resources */,
			);
			runOnlyForDeploymentPostprocessing = 0;
		};
		8F9C570C18ACAF4300ECFC19 /* Resources */ = {
			isa = PBXResourcesBuildPhase;
			buildActionMask = 2147483647;
			files = (
				8F9C571A18ACAF4300ECFC19 /* InfoPlist.strings in Resources */,
			);
			runOnlyForDeploymentPostprocessing = 0;
		};
/* End PBXResourcesBuildPhase section */

/* Begin PBXShellScriptBuildPhase section */
		1762D9A1DBFA4EC989FDCE68 /* Check Pods Manifest.lock */ = {
			isa = PBXShellScriptBuildPhase;
			buildActionMask = 2147483647;
			files = (
			);
			inputPaths = (
			);
			name = "Check Pods Manifest.lock";
			outputPaths = (
			);
			runOnlyForDeploymentPostprocessing = 0;
			shellPath = /bin/sh;
			shellScript = "diff \"${PODS_ROOT}/../Podfile.lock\" \"${PODS_ROOT}/Manifest.lock\" > /dev/null\nif [[ $? != 0 ]] ; then\n    cat << EOM\nerror: The sandbox is not in sync with the Podfile.lock. Run 'pod install' or update your CocoaPods installation.\nEOM\n    exit 1\nfi\n";
			showEnvVarsInLog = 0;
		};
		77E0348FFE584BBDAABD2004 /* Copy Pods Resources */ = {
			isa = PBXShellScriptBuildPhase;
			buildActionMask = 2147483647;
			files = (
			);
			inputPaths = (
			);
			name = "Copy Pods Resources";
			outputPaths = (
			);
			runOnlyForDeploymentPostprocessing = 0;
			shellPath = /bin/sh;
			shellScript = "\"${SRCROOT}/Pods/Pods-resources.sh\"\n";
			showEnvVarsInLog = 0;
		};
/* End PBXShellScriptBuildPhase section */

/* Begin PBXSourcesBuildPhase section */
		8F9C56E318ACAF4300ECFC19 /* Sources */ = {
			isa = PBXSourcesBuildPhase;
			buildActionMask = 2147483647;
			files = (
				8F1646B418AF471B00BA7521 /* ServerIO.m in Sources */,
				8F9C56FB18ACAF4300ECFC19 /* AppDelegate.m in Sources */,
				8F16469218AF337800BA7521 /* KLCustomViewController.m in Sources */,
				8F9C56F718ACAF4300ECFC19 /* main.m in Sources */,
				8F16469A18AF38CB00BA7521 /* FairListViewController.m in Sources */,
				8F16469118AF337800BA7521 /* KLViewController.m in Sources */,
				8F1646B718AF499C00BA7521 /* SharpLabel.m in Sources */,
				8F1646BA18AF535600BA7521 /* PersonViewController.m in Sources */,
				8FA320F218B18DD400BF6CD4 /* NotesViewController.m in Sources */,
			);
			runOnlyForDeploymentPostprocessing = 0;
		};
		8F9C570A18ACAF4300ECFC19 /* Sources */ = {
			isa = PBXSourcesBuildPhase;
			buildActionMask = 2147483647;
			files = (
				8F9C571C18ACAF4300ECFC19 /* Occuhunt_RecruiterTests.m in Sources */,
			);
			runOnlyForDeploymentPostprocessing = 0;
		};
/* End PBXSourcesBuildPhase section */

/* Begin PBXTargetDependency section */
		8F9C571418ACAF4300ECFC19 /* PBXTargetDependency */ = {
			isa = PBXTargetDependency;
			target = 8F9C56E618ACAF4300ECFC19 /* Occuhunt Recruiter */;
			targetProxy = 8F9C571318ACAF4300ECFC19 /* PBXContainerItemProxy */;
		};
/* End PBXTargetDependency section */

/* Begin PBXVariantGroup section */
		8F9C56F318ACAF4300ECFC19 /* InfoPlist.strings */ = {
			isa = PBXVariantGroup;
			children = (
				8F9C56F418ACAF4300ECFC19 /* en */,
			);
			name = InfoPlist.strings;
			sourceTree = "<group>";
		};
		8F9C56FC18ACAF4300ECFC19 /* Main_iPhone.storyboard */ = {
			isa = PBXVariantGroup;
			children = (
				8F9C56FD18ACAF4300ECFC19 /* Base */,
			);
			name = Main_iPhone.storyboard;
			sourceTree = "<group>";
		};
		8F9C56FF18ACAF4300ECFC19 /* Main_iPad.storyboard */ = {
			isa = PBXVariantGroup;
			children = (
				8F9C570018ACAF4300ECFC19 /* Base */,
			);
			name = Main_iPad.storyboard;
			sourceTree = "<group>";
		};
		8F9C571818ACAF4300ECFC19 /* InfoPlist.strings */ = {
			isa = PBXVariantGroup;
			children = (
				8F9C571918ACAF4300ECFC19 /* en */,
			);
			name = InfoPlist.strings;
			sourceTree = "<group>";
		};
/* End PBXVariantGroup section */

/* Begin XCBuildConfiguration section */
		8F9C571D18ACAF4300ECFC19 /* Debug */ = {
			isa = XCBuildConfiguration;
			buildSettings = {
				ALWAYS_SEARCH_USER_PATHS = NO;
				ARCHS = "$(ARCHS_STANDARD_INCLUDING_64_BIT)";
				CLANG_CXX_LANGUAGE_STANDARD = "gnu++0x";
				CLANG_CXX_LIBRARY = "libc++";
				CLANG_ENABLE_MODULES = YES;
				CLANG_ENABLE_OBJC_ARC = YES;
				CLANG_WARN_BOOL_CONVERSION = YES;
				CLANG_WARN_CONSTANT_CONVERSION = YES;
				CLANG_WARN_DIRECT_OBJC_ISA_USAGE = YES_ERROR;
				CLANG_WARN_EMPTY_BODY = YES;
				CLANG_WARN_ENUM_CONVERSION = YES;
				CLANG_WARN_INT_CONVERSION = YES;
				CLANG_WARN_OBJC_ROOT_CLASS = YES_ERROR;
				CLANG_WARN__DUPLICATE_METHOD_MATCH = YES;
				"CODE_SIGN_IDENTITY[sdk=iphoneos*]" = "iPhone Developer";
				COPY_PHASE_STRIP = NO;
				GCC_C_LANGUAGE_STANDARD = gnu99;
				GCC_DYNAMIC_NO_PIC = NO;
				GCC_OPTIMIZATION_LEVEL = 0;
				GCC_PREPROCESSOR_DEFINITIONS = (
					"DEBUG=1",
					"$(inherited)",
				);
				GCC_SYMBOLS_PRIVATE_EXTERN = NO;
				GCC_WARN_64_TO_32_BIT_CONVERSION = YES;
				GCC_WARN_ABOUT_RETURN_TYPE = YES_ERROR;
				GCC_WARN_UNDECLARED_SELECTOR = YES;
				GCC_WARN_UNINITIALIZED_AUTOS = YES;
				GCC_WARN_UNUSED_FUNCTION = YES;
				GCC_WARN_UNUSED_VARIABLE = YES;
				IPHONEOS_DEPLOYMENT_TARGET = 7.0;
				ONLY_ACTIVE_ARCH = YES;
				SDKROOT = iphoneos;
				TARGETED_DEVICE_FAMILY = "1,2";
			};
			name = Debug;
		};
		8F9C571E18ACAF4300ECFC19 /* Release */ = {
			isa = XCBuildConfiguration;
			buildSettings = {
				ALWAYS_SEARCH_USER_PATHS = NO;
				ARCHS = "$(ARCHS_STANDARD_INCLUDING_64_BIT)";
				CLANG_CXX_LANGUAGE_STANDARD = "gnu++0x";
				CLANG_CXX_LIBRARY = "libc++";
				CLANG_ENABLE_MODULES = YES;
				CLANG_ENABLE_OBJC_ARC = YES;
				CLANG_WARN_BOOL_CONVERSION = YES;
				CLANG_WARN_CONSTANT_CONVERSION = YES;
				CLANG_WARN_DIRECT_OBJC_ISA_USAGE = YES_ERROR;
				CLANG_WARN_EMPTY_BODY = YES;
				CLANG_WARN_ENUM_CONVERSION = YES;
				CLANG_WARN_INT_CONVERSION = YES;
				CLANG_WARN_OBJC_ROOT_CLASS = YES_ERROR;
				CLANG_WARN__DUPLICATE_METHOD_MATCH = YES;
				"CODE_SIGN_IDENTITY[sdk=iphoneos*]" = "iPhone Developer";
				COPY_PHASE_STRIP = YES;
				ENABLE_NS_ASSERTIONS = NO;
				GCC_C_LANGUAGE_STANDARD = gnu99;
				GCC_WARN_64_TO_32_BIT_CONVERSION = YES;
				GCC_WARN_ABOUT_RETURN_TYPE = YES_ERROR;
				GCC_WARN_UNDECLARED_SELECTOR = YES;
				GCC_WARN_UNINITIALIZED_AUTOS = YES;
				GCC_WARN_UNUSED_FUNCTION = YES;
				GCC_WARN_UNUSED_VARIABLE = YES;
				IPHONEOS_DEPLOYMENT_TARGET = 7.0;
				SDKROOT = iphoneos;
				TARGETED_DEVICE_FAMILY = "1,2";
				VALIDATE_PRODUCT = YES;
			};
			name = Release;
		};
		8F9C572018ACAF4300ECFC19 /* Debug */ = {
			isa = XCBuildConfiguration;
			baseConfigurationReference = 64978D7307DD4B71A52DFBCC /* Pods.xcconfig */;
			buildSettings = {
				ASSETCATALOG_COMPILER_APPICON_NAME = AppIcon;
				ASSETCATALOG_COMPILER_LAUNCHIMAGE_NAME = LaunchImage;
				GCC_PRECOMPILE_PREFIX_HEADER = YES;
				GCC_PREFIX_HEADER = "Occuhunt Recruiter/Occuhunt Recruiter-Prefix.pch";
				INFOPLIST_FILE = "Occuhunt Recruiter/Occuhunt Recruiter-Info.plist";
				PRODUCT_NAME = "$(TARGET_NAME)";
				VALID_ARCHS = "arm64 armv7 armv7s";
				WRAPPER_EXTENSION = app;
			};
			name = Debug;
		};
		8F9C572118ACAF4300ECFC19 /* Release */ = {
			isa = XCBuildConfiguration;
			baseConfigurationReference = 64978D7307DD4B71A52DFBCC /* Pods.xcconfig */;
			buildSettings = {
				ASSETCATALOG_COMPILER_APPICON_NAME = AppIcon;
				ASSETCATALOG_COMPILER_LAUNCHIMAGE_NAME = LaunchImage;
				GCC_PRECOMPILE_PREFIX_HEADER = YES;
				GCC_PREFIX_HEADER = "Occuhunt Recruiter/Occuhunt Recruiter-Prefix.pch";
				INFOPLIST_FILE = "Occuhunt Recruiter/Occuhunt Recruiter-Info.plist";
				PRODUCT_NAME = "$(TARGET_NAME)";
				VALID_ARCHS = "arm64 armv7 armv7s";
				WRAPPER_EXTENSION = app;
			};
			name = Release;
		};
		8F9C572318ACAF4300ECFC19 /* Debug */ = {
			isa = XCBuildConfiguration;
			buildSettings = {
				ARCHS = "$(ARCHS_STANDARD_INCLUDING_64_BIT)";
				BUNDLE_LOADER = "$(BUILT_PRODUCTS_DIR)/Occuhunt Recruiter.app/Occuhunt Recruiter";
				FRAMEWORK_SEARCH_PATHS = (
					"$(SDKROOT)/Developer/Library/Frameworks",
					"$(inherited)",
					"$(DEVELOPER_FRAMEWORKS_DIR)",
				);
				GCC_PRECOMPILE_PREFIX_HEADER = YES;
				GCC_PREFIX_HEADER = "Occuhunt Recruiter/Occuhunt Recruiter-Prefix.pch";
				GCC_PREPROCESSOR_DEFINITIONS = (
					"DEBUG=1",
					"$(inherited)",
				);
				INFOPLIST_FILE = "Occuhunt RecruiterTests/Occuhunt RecruiterTests-Info.plist";
				PRODUCT_NAME = "$(TARGET_NAME)";
				TEST_HOST = "$(BUNDLE_LOADER)";
				WRAPPER_EXTENSION = xctest;
			};
			name = Debug;
		};
		8F9C572418ACAF4300ECFC19 /* Release */ = {
			isa = XCBuildConfiguration;
			buildSettings = {
				ARCHS = "$(ARCHS_STANDARD_INCLUDING_64_BIT)";
				BUNDLE_LOADER = "$(BUILT_PRODUCTS_DIR)/Occuhunt Recruiter.app/Occuhunt Recruiter";
				FRAMEWORK_SEARCH_PATHS = (
					"$(SDKROOT)/Developer/Library/Frameworks",
					"$(inherited)",
					"$(DEVELOPER_FRAMEWORKS_DIR)",
				);
				GCC_PRECOMPILE_PREFIX_HEADER = YES;
				GCC_PREFIX_HEADER = "Occuhunt Recruiter/Occuhunt Recruiter-Prefix.pch";
				INFOPLIST_FILE = "Occuhunt RecruiterTests/Occuhunt RecruiterTests-Info.plist";
				PRODUCT_NAME = "$(TARGET_NAME)";
				TEST_HOST = "$(BUNDLE_LOADER)";
				WRAPPER_EXTENSION = xctest;
			};
			name = Release;
		};
/* End XCBuildConfiguration section */

/* Begin XCConfigurationList section */
		8F9C56E218ACAF4300ECFC19 /* Build configuration list for PBXProject "Occuhunt Recruiter" */ = {
			isa = XCConfigurationList;
			buildConfigurations = (
				8F9C571D18ACAF4300ECFC19 /* Debug */,
				8F9C571E18ACAF4300ECFC19 /* Release */,
			);
			defaultConfigurationIsVisible = 0;
			defaultConfigurationName = Release;
		};
		8F9C571F18ACAF4300ECFC19 /* Build configuration list for PBXNativeTarget "Occuhunt Recruiter" */ = {
			isa = XCConfigurationList;
			buildConfigurations = (
				8F9C572018ACAF4300ECFC19 /* Debug */,
				8F9C572118ACAF4300ECFC19 /* Release */,
			);
			defaultConfigurationIsVisible = 0;
			defaultConfigurationName = Release;
		};
		8F9C572218ACAF4300ECFC19 /* Build configuration list for PBXNativeTarget "Occuhunt RecruiterTests" */ = {
			isa = XCConfigurationList;
			buildConfigurations = (
				8F9C572318ACAF4300ECFC19 /* Debug */,
				8F9C572418ACAF4300ECFC19 /* Release */,
			);
			defaultConfigurationIsVisible = 0;
			defaultConfigurationName = Release;
		};
/* End XCConfigurationList section */
	};
	rootObject = 8F9C56DF18ACAF4300ECFC19 /* Project object */;
}
